// !$*UTF8*$!
{
	archiveVersion = 1;
	classes = {
	};
	objectVersion = 46;
	objects = {

/* Begin PBXBuildFile section */
		EA70D3441CA8F2A7002B5E8D /* HCEnumerations.swift in Sources */ = {isa = PBXBuildFile; fileRef = EA70D3431CA8F2A7002B5E8D /* HCEnumerations.swift */; };
		EA75C8E61CAA56A000A15337 /* ChatURLInfo.swift in Sources */ = {isa = PBXBuildFile; fileRef = EA75C8E51CAA56A000A15337 /* ChatURLInfo.swift */; };
		EA79B7F31CA20A5300E0713F /* HCOperation.swift in Sources */ = {isa = PBXBuildFile; fileRef = EA79B7F21CA20A5300E0713F /* HCOperation.swift */; };
		EA79B7F51CA20C3300E0713F /* HCStringOperation.swift in Sources */ = {isa = PBXBuildFile; fileRef = EA79B7F41CA20C3300E0713F /* HCStringOperation.swift */; };
		EA79B7FA1CA2201400E0713F /* HCFindURLTitle.swift in Sources */ = {isa = PBXBuildFile; fileRef = EA79B7F91CA2201400E0713F /* HCFindURLTitle.swift */; };
		EA7C54F71CA0B56C000EF1C4 /* AppDelegate.swift in Sources */ = {isa = PBXBuildFile; fileRef = EA7C54F61CA0B56C000EF1C4 /* AppDelegate.swift */; };
		EA7C54F91CA0B56C000EF1C4 /* ViewController.swift in Sources */ = {isa = PBXBuildFile; fileRef = EA7C54F81CA0B56C000EF1C4 /* ViewController.swift */; };
		EA7C54FC1CA0B56C000EF1C4 /* Main.storyboard in Resources */ = {isa = PBXBuildFile; fileRef = EA7C54FA1CA0B56C000EF1C4 /* Main.storyboard */; };
		EA7C54FE1CA0B56C000EF1C4 /* Assets.xcassets in Resources */ = {isa = PBXBuildFile; fileRef = EA7C54FD1CA0B56C000EF1C4 /* Assets.xcassets */; };
		EA7C55011CA0B56C000EF1C4 /* LaunchScreen.storyboard in Resources */ = {isa = PBXBuildFile; fileRef = EA7C54FF1CA0B56C000EF1C4 /* LaunchScreen.storyboard */; };
		EA7C550C1CA0B56C000EF1C4 /* HipChatTests.swift in Sources */ = {isa = PBXBuildFile; fileRef = EA7C550B1CA0B56C000EF1C4 /* HipChatTests.swift */; };
		EA7C551B1CA0C935000EF1C4 /* HCFindEmotIcons.swift in Sources */ = {isa = PBXBuildFile; fileRef = EA7C551A1CA0C935000EF1C4 /* HCFindEmotIcons.swift */; };
		EA7C551D1CA0C955000EF1C4 /* HCFindMentions.swift in Sources */ = {isa = PBXBuildFile; fileRef = EA7C551C1CA0C955000EF1C4 /* HCFindMentions.swift */; };
		EA7C551F1CA0C97A000EF1C4 /* HCFindURLs.swift in Sources */ = {isa = PBXBuildFile; fileRef = EA7C551E1CA0C97A000EF1C4 /* HCFindURLs.swift */; };
		EA7C55211CA0CF66000EF1C4 /* HCDownloadHTML.swift in Sources */ = {isa = PBXBuildFile; fileRef = EA7C55201CA0CF66000EF1C4 /* HCDownloadHTML.swift */; };
		EA7D7F0E1CA637AF000CF2F2 /* StringExtensionHTML.swift in Sources */ = {isa = PBXBuildFile; fileRef = EA7D7F0D1CA637AF000CF2F2 /* StringExtensionHTML.swift */; };
		EA8AC1681CA10519006D6565 /* HCParsePageTitle.swift in Sources */ = {isa = PBXBuildFile; fileRef = EA8AC1671CA10519006D6565 /* HCParsePageTitle.swift */; };
		EA9772C41CB390BA008E4DA8 /* HCNetworkActivityIndicator.swift in Sources */ = {isa = PBXBuildFile; fileRef = EA9772C31CB390BA008E4DA8 /* HCNetworkActivityIndicator.swift */; };
		EA9EEEEB1CA881F200C1BA43 /* HCChatToJSON.swift in Sources */ = {isa = PBXBuildFile; fileRef = EA9EEEEA1CA881F200C1BA43 /* HCChatToJSON.swift */; };
		EACFBAE31CB33F77007E9486 /* HCLog.swift in Sources */ = {isa = PBXBuildFile; fileRef = EACFBAE21CB33F77007E9486 /* HCLog.swift */; };
/* End PBXBuildFile section */

/* Begin PBXContainerItemProxy section */
		EA7C55081CA0B56C000EF1C4 /* PBXContainerItemProxy */ = {
			isa = PBXContainerItemProxy;
			containerPortal = EA7C54EB1CA0B56C000EF1C4 /* Project object */;
			proxyType = 1;
			remoteGlobalIDString = EA7C54F21CA0B56C000EF1C4;
			remoteInfo = HipChat;
		};
/* End PBXContainerItemProxy section */

/* Begin PBXFileReference section */
		EA70D3431CA8F2A7002B5E8D /* HCEnumerations.swift */ = {isa = PBXFileReference; fileEncoding = 4; lastKnownFileType = sourcecode.swift; path = HCEnumerations.swift; sourceTree = "<group>"; };
		EA75C8E51CAA56A000A15337 /* ChatURLInfo.swift */ = {isa = PBXFileReference; fileEncoding = 4; lastKnownFileType = sourcecode.swift; path = ChatURLInfo.swift; sourceTree = "<group>"; };
		EA79B7F21CA20A5300E0713F /* HCOperation.swift */ = {isa = PBXFileReference; fileEncoding = 4; lastKnownFileType = sourcecode.swift; path = HCOperation.swift; sourceTree = "<group>"; };
		EA79B7F41CA20C3300E0713F /* HCStringOperation.swift */ = {isa = PBXFileReference; fileEncoding = 4; lastKnownFileType = sourcecode.swift; path = HCStringOperation.swift; sourceTree = "<group>"; };
		EA79B7F91CA2201400E0713F /* HCFindURLTitle.swift */ = {isa = PBXFileReference; fileEncoding = 4; lastKnownFileType = sourcecode.swift; path = HCFindURLTitle.swift; sourceTree = "<group>"; };
		EA7C54F31CA0B56C000EF1C4 /* HipChat.app */ = {isa = PBXFileReference; explicitFileType = wrapper.application; includeInIndex = 0; path = HipChat.app; sourceTree = BUILT_PRODUCTS_DIR; };
		EA7C54F61CA0B56C000EF1C4 /* AppDelegate.swift */ = {isa = PBXFileReference; lastKnownFileType = sourcecode.swift; path = AppDelegate.swift; sourceTree = "<group>"; };
		EA7C54F81CA0B56C000EF1C4 /* ViewController.swift */ = {isa = PBXFileReference; lastKnownFileType = sourcecode.swift; path = ViewController.swift; sourceTree = "<group>"; };
		EA7C54FB1CA0B56C000EF1C4 /* Base */ = {isa = PBXFileReference; lastKnownFileType = file.storyboard; name = Base; path = Base.lproj/Main.storyboard; sourceTree = "<group>"; };
		EA7C54FD1CA0B56C000EF1C4 /* Assets.xcassets */ = {isa = PBXFileReference; lastKnownFileType = folder.assetcatalog; path = Assets.xcassets; sourceTree = "<group>"; };
		EA7C55001CA0B56C000EF1C4 /* Base */ = {isa = PBXFileReference; lastKnownFileType = file.storyboard; name = Base; path = Base.lproj/LaunchScreen.storyboard; sourceTree = "<group>"; };
		EA7C55021CA0B56C000EF1C4 /* Info.plist */ = {isa = PBXFileReference; lastKnownFileType = text.plist.xml; path = Info.plist; sourceTree = "<group>"; };
		EA7C55071CA0B56C000EF1C4 /* HipChatTests.xctest */ = {isa = PBXFileReference; explicitFileType = wrapper.cfbundle; includeInIndex = 0; path = HipChatTests.xctest; sourceTree = BUILT_PRODUCTS_DIR; };
		EA7C550B1CA0B56C000EF1C4 /* HipChatTests.swift */ = {isa = PBXFileReference; lastKnownFileType = sourcecode.swift; path = HipChatTests.swift; sourceTree = "<group>"; };
		EA7C550D1CA0B56C000EF1C4 /* Info.plist */ = {isa = PBXFileReference; lastKnownFileType = text.plist.xml; path = Info.plist; sourceTree = "<group>"; };
		EA7C551A1CA0C935000EF1C4 /* HCFindEmotIcons.swift */ = {isa = PBXFileReference; fileEncoding = 4; lastKnownFileType = sourcecode.swift; path = HCFindEmotIcons.swift; sourceTree = "<group>"; };
		EA7C551C1CA0C955000EF1C4 /* HCFindMentions.swift */ = {isa = PBXFileReference; fileEncoding = 4; lastKnownFileType = sourcecode.swift; path = HCFindMentions.swift; sourceTree = "<group>"; };
		EA7C551E1CA0C97A000EF1C4 /* HCFindURLs.swift */ = {isa = PBXFileReference; fileEncoding = 4; lastKnownFileType = sourcecode.swift; path = HCFindURLs.swift; sourceTree = "<group>"; };
		EA7C55201CA0CF66000EF1C4 /* HCDownloadHTML.swift */ = {isa = PBXFileReference; fileEncoding = 4; lastKnownFileType = sourcecode.swift; path = HCDownloadHTML.swift; sourceTree = "<group>"; };
		EA7D7F0D1CA637AF000CF2F2 /* StringExtensionHTML.swift */ = {isa = PBXFileReference; fileEncoding = 4; lastKnownFileType = sourcecode.swift; path = StringExtensionHTML.swift; sourceTree = "<group>"; };
		EA8AC1671CA10519006D6565 /* HCParsePageTitle.swift */ = {isa = PBXFileReference; fileEncoding = 4; lastKnownFileType = sourcecode.swift; path = HCParsePageTitle.swift; sourceTree = "<group>"; };
		EA9772C31CB390BA008E4DA8 /* HCNetworkActivityIndicator.swift */ = {isa = PBXFileReference; fileEncoding = 4; lastKnownFileType = sourcecode.swift; path = HCNetworkActivityIndicator.swift; sourceTree = "<group>"; };
		EA9EEEEA1CA881F200C1BA43 /* HCChatToJSON.swift */ = {isa = PBXFileReference; fileEncoding = 4; lastKnownFileType = sourcecode.swift; path = HCChatToJSON.swift; sourceTree = "<group>"; };
		EACFBAE21CB33F77007E9486 /* HCLog.swift */ = {isa = PBXFileReference; fileEncoding = 4; lastKnownFileType = sourcecode.swift; path = HCLog.swift; sourceTree = "<group>"; };
/* End PBXFileReference section */

/* Begin PBXFrameworksBuildPhase section */
		EA7C54F01CA0B56C000EF1C4 /* Frameworks */ = {
			isa = PBXFrameworksBuildPhase;
			buildActionMask = 2147483647;
			files = (
			);
			runOnlyForDeploymentPostprocessing = 0;
		};
		EA7C55041CA0B56C000EF1C4 /* Frameworks */ = {
			isa = PBXFrameworksBuildPhase;
			buildActionMask = 2147483647;
			files = (
			);
			runOnlyForDeploymentPostprocessing = 0;
		};
/* End PBXFrameworksBuildPhase section */

/* Begin PBXGroup section */
		EA70D3421CA8F28A002B5E8D /* Enumerations */ = {
			isa = PBXGroup;
			children = (
				EA70D3431CA8F2A7002B5E8D /* HCEnumerations.swift */,
			);
			name = Enumerations;
			sourceTree = "<group>";
		};
		EA79B7F61CA20C9A00E0713F /* Base Operation */ = {
			isa = PBXGroup;
			children = (
				EA79B7F21CA20A5300E0713F /* HCOperation.swift */,
			);
			name = "Base Operation";
			sourceTree = "<group>";
		};
		EA79B7F71CA20CB400E0713F /* String Operations */ = {
			isa = PBXGroup;
			children = (
				EA79B7F41CA20C3300E0713F /* HCStringOperation.swift */,
				EA7C551A1CA0C935000EF1C4 /* HCFindEmotIcons.swift */,
				EA7C551C1CA0C955000EF1C4 /* HCFindMentions.swift */,
				EA7C551E1CA0C97A000EF1C4 /* HCFindURLs.swift */,
			);
			name = "String Operations";
			sourceTree = "<group>";
		};
		EA79B7F81CA20CC200E0713F /* URLOperations */ = {
			isa = PBXGroup;
			children = (
				EA7C55201CA0CF66000EF1C4 /* HCDownloadHTML.swift */,
				EA8AC1671CA10519006D6565 /* HCParsePageTitle.swift */,
				EA79B7F91CA2201400E0713F /* HCFindURLTitle.swift */,
			);
			name = URLOperations;
			sourceTree = "<group>";
		};
		EA7C54EA1CA0B56B000EF1C4 = {
			isa = PBXGroup;
			children = (
				EA7C54F51CA0B56C000EF1C4 /* HipChat */,
				EA7C550A1CA0B56C000EF1C4 /* HipChatTests */,
				EA7C54F41CA0B56C000EF1C4 /* Products */,
			);
			sourceTree = "<group>";
		};
		EA7C54F41CA0B56C000EF1C4 /* Products */ = {
			isa = PBXGroup;
			children = (
				EA7C54F31CA0B56C000EF1C4 /* HipChat.app */,
				EA7C55071CA0B56C000EF1C4 /* HipChatTests.xctest */,
			);
			name = Products;
			sourceTree = "<group>";
		};
		EA7C54F51CA0B56C000EF1C4 /* HipChat */ = {
			isa = PBXGroup;
			children = (
				EA7F23F81CB5496200A87537 /* ViewModel */,
				EACFBAE11CB33F4E007E9486 /* Utilities */,
				EA70D3421CA8F28A002B5E8D /* Enumerations */,
				EA7D7F0C1CA637AF000CF2F2 /* Third Party */,
				EA7F23F91CB549A400A87537 /* View */,
				EA7C54F61CA0B56C000EF1C4 /* AppDelegate.swift */,
				EA7C54FD1CA0B56C000EF1C4 /* Assets.xcassets */,
				EA7C54FF1CA0B56C000EF1C4 /* LaunchScreen.storyboard */,
				EA7C55021CA0B56C000EF1C4 /* Info.plist */,
			);
			path = HipChat;
			sourceTree = "<group>";
		};
		EA7C550A1CA0B56C000EF1C4 /* HipChatTests */ = {
			isa = PBXGroup;
			children = (
				EA7C550B1CA0B56C000EF1C4 /* HipChatTests.swift */,
				EA7C550D1CA0B56C000EF1C4 /* Info.plist */,
			);
			path = HipChatTests;
			sourceTree = "<group>";
		};
		EA7D7F0C1CA637AF000CF2F2 /* Third Party */ = {
			isa = PBXGroup;
			children = (
				EA7D7F0D1CA637AF000CF2F2 /* StringExtensionHTML.swift */,
			);
			path = "Third Party";
			sourceTree = "<group>";
		};
		EA7F23F81CB5496200A87537 /* ViewModel */ = {
			isa = PBXGroup;
			children = (
				EA9EEEEA1CA881F200C1BA43 /* HCChatToJSON.swift */,
				EA75C8E51CAA56A000A15337 /* ChatURLInfo.swift */,
				EA79B7F71CA20CB400E0713F /* String Operations */,
				EA79B7F81CA20CC200E0713F /* URLOperations */,
				EA79B7F61CA20C9A00E0713F /* Base Operation */,
			);
			name = ViewModel;
			sourceTree = "<group>";
		};
		EA7F23F91CB549A400A87537 /* View */ = {
			isa = PBXGroup;
			children = (
				EA7C54F81CA0B56C000EF1C4 /* ViewController.swift */,
				EA7C54FA1CA0B56C000EF1C4 /* Main.storyboard */,
			);
			name = View;
			sourceTree = "<group>";
		};
		EACFBAE11CB33F4E007E9486 /* Utilities */ = {
			isa = PBXGroup;
			children = (
				EACFBAE21CB33F77007E9486 /* HCLog.swift */,
				EA9772C31CB390BA008E4DA8 /* HCNetworkActivityIndicator.swift */,
			);
			name = Utilities;
			sourceTree = "<group>";
		};
/* End PBXGroup section */

/* Begin PBXNativeTarget section */
		EA7C54F21CA0B56C000EF1C4 /* HipChat */ = {
			isa = PBXNativeTarget;
			buildConfigurationList = EA7C55101CA0B56C000EF1C4 /* Build configuration list for PBXNativeTarget "HipChat" */;
			buildPhases = (
				EA7C54EF1CA0B56C000EF1C4 /* Sources */,
				EA7C54F01CA0B56C000EF1C4 /* Frameworks */,
				EA7C54F11CA0B56C000EF1C4 /* Resources */,
			);
			buildRules = (
			);
			dependencies = (
			);
			name = HipChat;
			productName = HipChat;
			productReference = EA7C54F31CA0B56C000EF1C4 /* HipChat.app */;
			productType = "com.apple.product-type.application";
		};
		EA7C55061CA0B56C000EF1C4 /* HipChatTests */ = {
			isa = PBXNativeTarget;
			buildConfigurationList = EA7C55131CA0B56C000EF1C4 /* Build configuration list for PBXNativeTarget "HipChatTests" */;
			buildPhases = (
				EA7C55031CA0B56C000EF1C4 /* Sources */,
				EA7C55041CA0B56C000EF1C4 /* Frameworks */,
				EA7C55051CA0B56C000EF1C4 /* Resources */,
			);
			buildRules = (
			);
			dependencies = (
				EA7C55091CA0B56C000EF1C4 /* PBXTargetDependency */,
			);
			name = HipChatTests;
			productName = HipChatTests;
			productReference = EA7C55071CA0B56C000EF1C4 /* HipChatTests.xctest */;
			productType = "com.apple.product-type.bundle.unit-test";
		};
/* End PBXNativeTarget section */

/* Begin PBXProject section */
		EA7C54EB1CA0B56C000EF1C4 /* Project object */ = {
			isa = PBXProject;
			attributes = {
				LastSwiftUpdateCheck = 0720;
				LastUpgradeCheck = 0720;
				ORGANIZATIONNAME = "Tony Thomas";
				TargetAttributes = {
					EA7C54F21CA0B56C000EF1C4 = {
						CreatedOnToolsVersion = 7.2.1;
					};
					EA7C55061CA0B56C000EF1C4 = {
						CreatedOnToolsVersion = 7.2.1;
						TestTargetID = EA7C54F21CA0B56C000EF1C4;
					};
				};
			};
			buildConfigurationList = EA7C54EE1CA0B56C000EF1C4 /* Build configuration list for PBXProject "HipChat" */;
			compatibilityVersion = "Xcode 3.2";
			developmentRegion = English;
			hasScannedForEncodings = 0;
			knownRegions = (
				en,
				Base,
			);
			mainGroup = EA7C54EA1CA0B56B000EF1C4;
			productRefGroup = EA7C54F41CA0B56C000EF1C4 /* Products */;
			projectDirPath = "";
			projectRoot = "";
			targets = (
				EA7C54F21CA0B56C000EF1C4 /* HipChat */,
				EA7C55061CA0B56C000EF1C4 /* HipChatTests */,
			);
		};
/* End PBXProject section */

/* Begin PBXResourcesBuildPhase section */
		EA7C54F11CA0B56C000EF1C4 /* Resources */ = {
			isa = PBXResourcesBuildPhase;
			buildActionMask = 2147483647;
			files = (
				EA7C55011CA0B56C000EF1C4 /* LaunchScreen.storyboard in Resources */,
				EA7C54FE1CA0B56C000EF1C4 /* Assets.xcassets in Resources */,
				EA7C54FC1CA0B56C000EF1C4 /* Main.storyboard in Resources */,
			);
			runOnlyForDeploymentPostprocessing = 0;
		};
		EA7C55051CA0B56C000EF1C4 /* Resources */ = {
			isa = PBXResourcesBuildPhase;
			buildActionMask = 2147483647;
			files = (
			);
			runOnlyForDeploymentPostprocessing = 0;
		};
/* End PBXResourcesBuildPhase section */

/* Begin PBXSourcesBuildPhase section */
		EA7C54EF1CA0B56C000EF1C4 /* Sources */ = {
			isa = PBXSourcesBuildPhase;
			buildActionMask = 2147483647;
			files = (
				EA9EEEEB1CA881F200C1BA43 /* HCChatToJSON.swift in Sources */,
				EA79B7FA1CA2201400E0713F /* HCFindURLTitle.swift in Sources */,
				EA8AC1681CA10519006D6565 /* HCParsePageTitle.swift in Sources */,
				EACFBAE31CB33F77007E9486 /* HCLog.swift in Sources */,
				EA9772C41CB390BA008E4DA8 /* HCNetworkActivityIndicator.swift in Sources */,
				EA7C551B1CA0C935000EF1C4 /* HCFindEmotIcons.swift in Sources */,
				EA70D3441CA8F2A7002B5E8D /* HCEnumerations.swift in Sources */,
				EA7C551F1CA0C97A000EF1C4 /* HCFindURLs.swift in Sources */,
				EA75C8E61CAA56A000A15337 /* ChatURLInfo.swift in Sources */,
				EA79B7F51CA20C3300E0713F /* HCStringOperation.swift in Sources */,
				EA7C54F91CA0B56C000EF1C4 /* ViewController.swift in Sources */,
				EA7D7F0E1CA637AF000CF2F2 /* StringExtensionHTML.swift in Sources */,
				EA7C551D1CA0C955000EF1C4 /* HCFindMentions.swift in Sources */,
				EA7C55211CA0CF66000EF1C4 /* HCDownloadHTML.swift in Sources */,
				EA79B7F31CA20A5300E0713F /* HCOperation.swift in Sources */,
				EA7C54F71CA0B56C000EF1C4 /* AppDelegate.swift in Sources */,
			);
			runOnlyForDeploymentPostprocessing = 0;
		};
		EA7C55031CA0B56C000EF1C4 /* Sources */ = {
			isa = PBXSourcesBuildPhase;
			buildActionMask = 2147483647;
			files = (
				EA7C550C1CA0B56C000EF1C4 /* HipChatTests.swift in Sources */,
			);
			runOnlyForDeploymentPostprocessing = 0;
		};
/* End PBXSourcesBuildPhase section */

/* Begin PBXTargetDependency section */
		EA7C55091CA0B56C000EF1C4 /* PBXTargetDependency */ = {
			isa = PBXTargetDependency;
			target = EA7C54F21CA0B56C000EF1C4 /* HipChat */;
			targetProxy = EA7C55081CA0B56C000EF1C4 /* PBXContainerItemProxy */;
		};
/* End PBXTargetDependency section */

/* Begin PBXVariantGroup section */
		EA7C54FA1CA0B56C000EF1C4 /* Main.storyboard */ = {
			isa = PBXVariantGroup;
			children = (
				EA7C54FB1CA0B56C000EF1C4 /* Base */,
			);
			name = Main.storyboard;
			sourceTree = "<group>";
		};
		EA7C54FF1CA0B56C000EF1C4 /* LaunchScreen.storyboard */ = {
			isa = PBXVariantGroup;
			children = (
				EA7C55001CA0B56C000EF1C4 /* Base */,
			);
			name = LaunchScreen.storyboard;
			sourceTree = "<group>";
		};
/* End PBXVariantGroup section */

/* Begin XCBuildConfiguration section */
		EA7C550E1CA0B56C000EF1C4 /* Debug */ = {
			isa = XCBuildConfiguration;
			buildSettings = {
				ALWAYS_SEARCH_USER_PATHS = NO;
				CLANG_CXX_LANGUAGE_STANDARD = "gnu++0x";
				CLANG_CXX_LIBRARY = "libc++";
				CLANG_ENABLE_MODULES = YES;
				CLANG_ENABLE_OBJC_ARC = YES;
				CLANG_WARN_BOOL_CONVERSION = YES;
				CLANG_WARN_CONSTANT_CONVERSION = YES;
				CLANG_WARN_DIRECT_OBJC_ISA_USAGE = YES_ERROR;
				CLANG_WARN_EMPTY_BODY = YES;
				CLANG_WARN_ENUM_CONVERSION = YES;
				CLANG_WARN_INT_CONVERSION = YES;
				CLANG_WARN_OBJC_ROOT_CLASS = YES_ERROR;
				CLANG_WARN_UNREACHABLE_CODE = YES;
				CLANG_WARN__DUPLICATE_METHOD_MATCH = YES;
				"CODE_SIGN_IDENTITY[sdk=iphoneos*]" = "iPhone Developer";
				COPY_PHASE_STRIP = NO;
				DEBUG_INFORMATION_FORMAT = dwarf;
				ENABLE_STRICT_OBJC_MSGSEND = YES;
				ENABLE_TESTABILITY = YES;
				GCC_C_LANGUAGE_STANDARD = gnu99;
				GCC_DYNAMIC_NO_PIC = NO;
				GCC_NO_COMMON_BLOCKS = YES;
				GCC_OPTIMIZATION_LEVEL = 0;
				GCC_PREPROCESSOR_DEFINITIONS = (
					"DEBUG=1",
					"$(inherited)",
				);
				GCC_WARN_64_TO_32_BIT_CONVERSION = YES;
				GCC_WARN_ABOUT_RETURN_TYPE = YES_ERROR;
				GCC_WARN_UNDECLARED_SELECTOR = YES;
				GCC_WARN_UNINITIALIZED_AUTOS = YES_AGGRESSIVE;
				GCC_WARN_UNUSED_FUNCTION = YES;
				GCC_WARN_UNUSED_VARIABLE = YES;
				IPHONEOS_DEPLOYMENT_TARGET = 9.2;
				MTL_ENABLE_DEBUG_INFO = YES;
				ONLY_ACTIVE_ARCH = YES;
				SDKROOT = iphoneos;
				SWIFT_OPTIMIZATION_LEVEL = "-Onone";
				TARGETED_DEVICE_FAMILY = "1,2";
			};
			name = Debug;
		};
		EA7C550F1CA0B56C000EF1C4 /* Release */ = {
			isa = XCBuildConfiguration;
			buildSettings = {
				ALWAYS_SEARCH_USER_PATHS = NO;
				CLANG_CXX_LANGUAGE_STANDARD = "gnu++0x";
				CLANG_CXX_LIBRARY = "libc++";
				CLANG_ENABLE_MODULES = YES;
				CLANG_ENABLE_OBJC_ARC = YES;
				CLANG_WARN_BOOL_CONVERSION = YES;
				CLANG_WARN_CONSTANT_CONVERSION = YES;
				CLANG_WARN_DIRECT_OBJC_ISA_USAGE = YES_ERROR;
				CLANG_WARN_EMPTY_BODY = YES;
				CLANG_WARN_ENUM_CONVERSION = YES;
				CLANG_WARN_INT_CONVERSION = YES;
				CLANG_WARN_OBJC_ROOT_CLASS = YES_ERROR;
				CLANG_WARN_UNREACHABLE_CODE = YES;
				CLANG_WARN__DUPLICATE_METHOD_MATCH = YES;
				"CODE_SIGN_IDENTITY[sdk=iphoneos*]" = "iPhone Developer";
				COPY_PHASE_STRIP = NO;
				DEBUG_INFORMATION_FORMAT = "dwarf-with-dsym";
				ENABLE_NS_ASSERTIONS = NO;
				ENABLE_STRICT_OBJC_MSGSEND = YES;
				GCC_C_LANGUAGE_STANDARD = gnu99;
				GCC_NO_COMMON_BLOCKS = YES;
				GCC_WARN_64_TO_32_BIT_CONVERSION = YES;
				GCC_WARN_ABOUT_RETURN_TYPE = YES_ERROR;
				GCC_WARN_UNDECLARED_SELECTOR = YES;
				GCC_WARN_UNINITIALIZED_AUTOS = YES_AGGRESSIVE;
				GCC_WARN_UNUSED_FUNCTION = YES;
				GCC_WARN_UNUSED_VARIABLE = YES;
				IPHONEOS_DEPLOYMENT_TARGET = 9.2;
				MTL_ENABLE_DEBUG_INFO = NO;
				SDKROOT = iphoneos;
				TARGETED_DEVICE_FAMILY = "1,2";
				VALIDATE_PRODUCT = YES;
			};
			name = Release;
		};
		EA7C55111CA0B56C000EF1C4 /* Debug */ = {
			isa = XCBuildConfiguration;
			buildSettings = {
				ASSETCATALOG_COMPILER_APPICON_NAME = AppIcon;
				INFOPLIST_FILE = HipChat/Info.plist;
				LD_RUNPATH_SEARCH_PATHS = "$(inherited) @executable_path/Frameworks";
				"OTHER_SWIFT_FLAGS[arch=*]" = "-DDEBUG";
				PRODUCT_BUNDLE_IDENTIFIER = ATL.HipChat;
				PRODUCT_NAME = "$(TARGET_NAME)";
			};
			name = Debug;
		};
		EA7C55121CA0B56C000EF1C4 /* Release */ = {
			isa = XCBuildConfiguration;
			buildSettings = {
				ASSETCATALOG_COMPILER_APPICON_NAME = AppIcon;
				INFOPLIST_FILE = HipChat/Info.plist;
				LD_RUNPATH_SEARCH_PATHS = "$(inherited) @executable_path/Frameworks";
				PRODUCT_BUNDLE_IDENTIFIER = ATL.HipChat;
				PRODUCT_NAME = "$(TARGET_NAME)";
			};
			name = Release;
		};
		EA7C55141CA0B56C000EF1C4 /* Debug */ = {
			isa = XCBuildConfiguration;
			buildSettings = {
				BUNDLE_LOADER = "$(TEST_HOST)";
				INFOPLIST_FILE = HipChatTests/Info.plist;
				LD_RUNPATH_SEARCH_PATHS = "$(inherited) @executable_path/Frameworks @loader_path/Frameworks";
				PRODUCT_BUNDLE_IDENTIFIER = ATL.HipChatTests;
				PRODUCT_NAME = "$(TARGET_NAME)";
				TEST_HOST = "$(BUILT_PRODUCTS_DIR)/HipChat.app/HipChat";
			};
			name = Debug;
		};
		EA7C55151CA0B56C000EF1C4 /* Release */ = {
			isa = XCBuildConfiguration;
			buildSettings = {
				BUNDLE_LOADER = "$(TEST_HOST)";
				INFOPLIST_FILE = HipChatTests/Info.plist;
				LD_RUNPATH_SEARCH_PATHS = "$(inherited) @executable_path/Frameworks @loader_path/Frameworks";
				PRODUCT_BUNDLE_IDENTIFIER = ATL.HipChatTests;
				PRODUCT_NAME = "$(TARGET_NAME)";
				TEST_HOST = "$(BUILT_PRODUCTS_DIR)/HipChat.app/HipChat";
			};
			name = Release;
		};
/* End XCBuildConfiguration section */

/* Begin XCConfigurationList section */
		EA7C54EE1CA0B56C000EF1C4 /* Build configuration list for PBXProject "HipChat" */ = {
			isa = XCConfigurationList;
			buildConfigurations = (
				EA7C550E1CA0B56C000EF1C4 /* Debug */,
				EA7C550F1CA0B56C000EF1C4 /* Release */,
			);
			defaultConfigurationIsVisible = 0;
			defaultConfigurationName = Release;
		};
		EA7C55101CA0B56C000EF1C4 /* Build configuration list for PBXNativeTarget "HipChat" */ = {
			isa = XCConfigurationList;
			buildConfigurations = (
				EA7C55111CA0B56C000EF1C4 /* Debug */,
				EA7C55121CA0B56C000EF1C4 /* Release */,
			);
			defaultConfigurationIsVisible = 0;
			defaultConfigurationName = Release;
		};
		EA7C55131CA0B56C000EF1C4 /* Build configuration list for PBXNativeTarget "HipChatTests" */ = {
			isa = XCConfigurationList;
			buildConfigurations = (
				EA7C55141CA0B56C000EF1C4 /* Debug */,
				EA7C55151CA0B56C000EF1C4 /* Release */,
			);
			defaultConfigurationIsVisible = 0;
			defaultConfigurationName = Release;
		};
/* End XCConfigurationList section */
	};
	rootObject = EA7C54EB1CA0B56C000EF1C4 /* Project object */;
}
